
Microsoft Visual Studio Solution File, Format Version 12.00
# Visual Studio Version 16
VisualStudioVersion = 16.0.30717.126
MinimumVisualStudioVersion = 10.0.40219.1
Project("{FAE04EC0-301F-11D3-BF4B-00C04F79EFBC}") = "Listener", "Listener\Listener.csproj", "{4D2E1811-799E-4B03-A8C5-E6CA2BF10FA5}"
EndProject
Global
	GlobalSection(SolutionConfigurationPlatforms) = preSolution
		Debug|Any CPU = Debug|Any CPU
		Release|Any CPU = Release|Any CPU
	EndGlobalSection
	GlobalSection(ProjectConfigurationPlatforms) = postSolution
		{4D2E1811-799E-4B03-A8C5-E6CA2BF10FA5}.Debug|Any CPU.ActiveCfg = Debug|Any CPU
		{4D2E1811-799E-4B03-A8C5-E6CA2BF10FA5}.Debug|Any CPU.Build.0 = Debug|Any CPU
		{4D2E1811-799E-4B03-A8C5-E6CA2BF10FA5}.Release|Any CPU.ActiveCfg = Release|Any CPU
		{4D2E1811-799E-4B03-A8C5-E6CA2BF10FA5}.Release|Any CPU.Build.0 = Release|Any CPU
	EndGlobalSection
	GlobalSection(SolutionProperties) = preSolution
		HideSolutionNode = FALSE
	EndGlobalSection
	GlobalSection(ExtensibilityGlobals) = postSolution
		SolutionGuid = {22B83A1C-4408-4C92-BEE0-03657500E21A}
	EndGlobalSection
EndGlobal
